
Microsoft Visual Studio Solution File, Format Version 12.00
# Visual Studio Version 16
VisualStudioVersion = 16.0.30804.86
MinimumVisualStudioVersion = 10.0.40219.1
Project("{FAE04EC0-301F-11D3-BF4B-00C04F79EFBC}") = "Cap6", "Cap6.csproj", "{0944EA92-624A-45FE-89E2-CEDF2C0846CC}"
EndProject
Global
	GlobalSection(SolutionConfigurationPlatforms) = preSolution
		Debug|Any CPU = Debug|Any CPU
		Release|Any CPU = Release|Any CPU
	EndGlobalSection
	GlobalSection(ProjectConfigurationPlatforms) = postSolution
		{0944EA92-624A-45FE-89E2-CEDF2C0846CC}.Debug|Any CPU.ActiveCfg = Debug|Any CPU
		{0944EA92-624A-45FE-89E2-CEDF2C0846CC}.Debug|Any CPU.Build.0 = Debug|Any CPU
		{0944EA92-624A-45FE-89E2-CEDF2C0846CC}.Release|Any CPU.ActiveCfg = Release|Any CPU
		{0944EA92-624A-45FE-89E2-CEDF2C0846CC}.Release|Any CPU.Build.0 = Release|Any CPU
	EndGlobalSection
	GlobalSection(SolutionProperties) = preSolution
		HideSolutionNode = FALSE
	EndGlobalSection
	GlobalSection(ExtensibilityGlobals) = postSolution
		SolutionGuid = {1C66898D-F8AC-4062-8C01-4433BACB97AF}
	EndGlobalSection
EndGlobal
